github.com/davecgh/go-spew v1.1.1 h1:vj9j/u1bqnvCEfJOwUhtlOARqs3+rkHYY13jYWTU97c=
github.com/gio-eui/md3-colors v0.0.0-20230728085454-a52d0187aad9 h1:I566EVcthl8Ly2eqbGpyEdvXBF4wGbOo5aPi/7oSvIg=
github.com/gio-eui/md3-colors v0.0.0-20230728085454-a52d0187aad9/go.mod h1:hlRwdfpAGoM1FX6Ph2CGSWmjS3LIvzrQmHeKc3g16UU=
github.com/pmezard/go-difflib v1.0.0 h1:4DBwDE0NGyQoBHbLQYPwSUPoCMWR5BEzIk/f1lZbAQM=
github.com/stretchr/testify v1.8.4 h1:CcVxjf3Q8PM0mHUKJCdn+eZZtm5yQwehR5yeSVQQcUk=
gopkg.in/yaml.v3 v3.0.1 h1:fxVm/GzAzEWqLHuvctI91KS9hhNmmWOoWu0XTYJS7CA=
